
Microsoft Visual Studio Solution File, Format Version 11.00
# Visual Studio 2010
Project("{8BC9CEB8-8B4A-11D0-8D11-00A0C91BC942}") = "NetFlow", "NetFlow\NetFlow.vcxproj", "{4755A04E-4D03-4E1F-8A64-7ECD0BD6BA69}"
EndProject
Global
	GlobalSection(SolutionConfigurationPlatforms) = preSolution
		Debug|Win32 = Debug|Win32
		Release|Win32 = Release|Win32
	EndGlobalSection
	GlobalSection(ProjectConfigurationPlatforms) = postSolution
		{4755A04E-4D03-4E1F-8A64-7ECD0BD6BA69}.Debug|Win32.ActiveCfg = Debug|Win32
		{4755A04E-4D03-4E1F-8A64-7ECD0BD6BA69}.Debug|Win32.Build.0 = Debug|Win32
		{4755A04E-4D03-4E1F-8A64-7ECD0BD6BA69}.Release|Win32.ActiveCfg = Release|Win32
		{4755A04E-4D03-4E1F-8A64-7ECD0BD6BA69}.Release|Win32.Build.0 = Release|Win32
	EndGlobalSection
	GlobalSection(SolutionProperties) = preSolution
		HideSolutionNode = FALSE
	EndGlobalSection
EndGlobal
